// !$*UTF8*$!
{
	archiveVersion = 1;
	classes = {
	};
	objectVersion = 56;
	objects = {

/* Begin PBXBuildFile section */
		FA05B21F2C9486C00061A2EA /* NetworkingManger.swift in Sources */ = {isa = PBXBuildFile; fileRef = FA05B21E2C9486C00061A2EA /* NetworkingManger.swift */; };
		FA05B2212C9486EC0061A2EA /* LocalFileManger.swift in Sources */ = {isa = PBXBuildFile; fileRef = FA05B2202C9486EC0061A2EA /* LocalFileManger.swift */; };
		FA05B2242C9487330061A2EA /* UIApplication.swift in Sources */ = {isa = PBXBuildFile; fileRef = FA05B2232C9487330061A2EA /* UIApplication.swift */; };
		FA0C56442C96122400934F72 /* HomeView.swift in Sources */ = {isa = PBXBuildFile; fileRef = FA0C56432C96122400934F72 /* HomeView.swift */; };
		FA0C56462C96123F00934F72 /* RowView.swift in Sources */ = {isa = PBXBuildFile; fileRef = FA0C56452C96123F00934F72 /* RowView.swift */; };
		FA3C56462C966A0200FAA590 /* AddNewView.swift in Sources */ = {isa = PBXBuildFile; fileRef = FA3C56452C966A0200FAA590 /* AddNewView.swift */; };
		FA3C56492C9670BD00FAA590 /* NewTextView.swift in Sources */ = {isa = PBXBuildFile; fileRef = FA3C56482C9670BD00FAA590 /* NewTextView.swift */; };
		FA3C564B2C96773F00FAA590 /* ImagePicker.swift in Sources */ = {isa = PBXBuildFile; fileRef = FA3C564A2C96773F00FAA590 /* ImagePicker.swift */; };
		FA3C564E2C967D4900FAA590 /* BugsContainer.xcdatamodeld in Sources */ = {isa = PBXBuildFile; fileRef = FA3C564C2C967D4900FAA590 /* BugsContainer.xcdatamodeld */; };
		FA3C56502C967D9B00FAA590 /* BugsDataServices.swift in Sources */ = {isa = PBXBuildFile; fileRef = FA3C564F2C967D9B00FAA590 /* BugsDataServices.swift */; };
		FA3C56522C967DF700FAA590 /* BugsModel.swift in Sources */ = {isa = PBXBuildFile; fileRef = FA3C56512C967DF700FAA590 /* BugsModel.swift */; };
		FA3C56542C9680C100FAA590 /* HomeViewModel.swift in Sources */ = {isa = PBXBuildFile; fileRef = FA3C56532C9680C100FAA590 /* HomeViewModel.swift */; };
		FA92E6042C90C8A60063763E /* IOSTaskApp.swift in Sources */ = {isa = PBXBuildFile; fileRef = FA92E6032C90C8A60063763E /* IOSTaskApp.swift */; };
		FA92E6062C90C8A60063763E /* ContentView.swift in Sources */ = {isa = PBXBuildFile; fileRef = FA92E6052C90C8A60063763E /* ContentView.swift */; };
		FA92E6082C90C8A70063763E /* Assets.xcassets in Resources */ = {isa = PBXBuildFile; fileRef = FA92E6072C90C8A70063763E /* Assets.xcassets */; };
		FA92E60B2C90C8A70063763E /* Preview Assets.xcassets in Resources */ = {isa = PBXBuildFile; fileRef = FA92E60A2C90C8A70063763E /* Preview Assets.xcassets */; };
		FA92E6152C90C8A70063763E /* IOSTaskTests.swift in Sources */ = {isa = PBXBuildFile; fileRef = FA92E6142C90C8A70063763E /* IOSTaskTests.swift */; };
		FA92E61F2C90C8A70063763E /* IOSTaskUITests.swift in Sources */ = {isa = PBXBuildFile; fileRef = FA92E61E2C90C8A70063763E /* IOSTaskUITests.swift */; };
		FA92E6212C90C8A70063763E /* IOSTaskUITestsLaunchTests.swift in Sources */ = {isa = PBXBuildFile; fileRef = FA92E6202C90C8A70063763E /* IOSTaskUITestsLaunchTests.swift */; };
/* End PBXBuildFile section */

/* Begin PBXContainerItemProxy section */
		FA92E6112C90C8A70063763E /* PBXContainerItemProxy */ = {
			isa = PBXContainerItemProxy;
			containerPortal = FA92E5F82C90C8A60063763E /* Project object */;
			proxyType = 1;
			remoteGlobalIDString = FA92E5FF2C90C8A60063763E;
			remoteInfo = IOSTask;
		};
		FA92E61B2C90C8A70063763E /* PBXContainerItemProxy */ = {
			isa = PBXContainerItemProxy;
			containerPortal = FA92E5F82C90C8A60063763E /* Project object */;
			proxyType = 1;
			remoteGlobalIDString = FA92E5FF2C90C8A60063763E;
			remoteInfo = IOSTask;
		};
/* End PBXContainerItemProxy section */

/* Begin PBXFileReference section */
		FA05B21E2C9486C00061A2EA /* NetworkingManger.swift */ = {isa = PBXFileReference; lastKnownFileType = sourcecode.swift; path = NetworkingManger.swift; sourceTree = "<group>"; };
		FA05B2202C9486EC0061A2EA /* LocalFileManger.swift */ = {isa = PBXFileReference; lastKnownFileType = sourcecode.swift; path = LocalFileManger.swift; sourceTree = "<group>"; };
		FA05B2232C9487330061A2EA /* UIApplication.swift */ = {isa = PBXFileReference; lastKnownFileType = sourcecode.swift; path = UIApplication.swift; sourceTree = "<group>"; };
		FA0C56432C96122400934F72 /* HomeView.swift */ = {isa = PBXFileReference; lastKnownFileType = sourcecode.swift; path = HomeView.swift; sourceTree = "<group>"; };
		FA0C56452C96123F00934F72 /* RowView.swift */ = {isa = PBXFileReference; lastKnownFileType = sourcecode.swift; path = RowView.swift; sourceTree = "<group>"; };
		FA3C56452C966A0200FAA590 /* AddNewView.swift */ = {isa = PBXFileReference; lastKnownFileType = sourcecode.swift; path = AddNewView.swift; sourceTree = "<group>"; };
		FA3C56482C9670BD00FAA590 /* NewTextView.swift */ = {isa = PBXFileReference; lastKnownFileType = sourcecode.swift; path = NewTextView.swift; sourceTree = "<group>"; };
		FA3C564A2C96773F00FAA590 /* ImagePicker.swift */ = {isa = PBXFileReference; lastKnownFileType = sourcecode.swift; path = ImagePicker.swift; sourceTree = "<group>"; };
		FA3C564D2C967D4900FAA590 /* BugsContainer.xcdatamodel */ = {isa = PBXFileReference; lastKnownFileType = wrapper.xcdatamodel; path = BugsContainer.xcdatamodel; sourceTree = "<group>"; };
		FA3C564F2C967D9B00FAA590 /* BugsDataServices.swift */ = {isa = PBXFileReference; lastKnownFileType = sourcecode.swift; path = BugsDataServices.swift; sourceTree = "<group>"; };
		FA3C56512C967DF700FAA590 /* BugsModel.swift */ = {isa = PBXFileReference; lastKnownFileType = sourcecode.swift; path = BugsModel.swift; sourceTree = "<group>"; };
		FA3C56532C9680C100FAA590 /* HomeViewModel.swift */ = {isa = PBXFileReference; lastKnownFileType = sourcecode.swift; path = HomeViewModel.swift; sourceTree = "<group>"; };
		FA92E6002C90C8A60063763E /* IOSTask.app */ = {isa = PBXFileReference; explicitFileType = wrapper.application; includeInIndex = 0; path = IOSTask.app; sourceTree = BUILT_PRODUCTS_DIR; };
		FA92E6032C90C8A60063763E /* IOSTaskApp.swift */ = {isa = PBXFileReference; lastKnownFileType = sourcecode.swift; path = IOSTaskApp.swift; sourceTree = "<group>"; };
		FA92E6052C90C8A60063763E /* ContentView.swift */ = {isa = PBXFileReference; lastKnownFileType = sourcecode.swift; path = ContentView.swift; sourceTree = "<group>"; };
		FA92E6072C90C8A70063763E /* Assets.xcassets */ = {isa = PBXFileReference; lastKnownFileType = folder.assetcatalog; path = Assets.xcassets; sourceTree = "<group>"; };
		FA92E60A2C90C8A70063763E /* Preview Assets.xcassets */ = {isa = PBXFileReference; lastKnownFileType = folder.assetcatalog; path = "Preview Assets.xcassets"; sourceTree = "<group>"; };
		FA92E6102C90C8A70063763E /* IOSTaskTests.xctest */ = {isa = PBXFileReference; explicitFileType = wrapper.cfbundle; includeInIndex = 0; path = IOSTaskTests.xctest; sourceTree = BUILT_PRODUCTS_DIR; };
		FA92E6142C90C8A70063763E /* IOSTaskTests.swift */ = {isa = PBXFileReference; lastKnownFileType = sourcecode.swift; path = IOSTaskTests.swift; sourceTree = "<group>"; };
		FA92E61A2C90C8A70063763E /* IOSTaskUITests.xctest */ = {isa = PBXFileReference; explicitFileType = wrapper.cfbundle; includeInIndex = 0; path = IOSTaskUITests.xctest; sourceTree = BUILT_PRODUCTS_DIR; };
		FA92E61E2C90C8A70063763E /* IOSTaskUITests.swift */ = {isa = PBXFileReference; lastKnownFileType = sourcecode.swift; path = IOSTaskUITests.swift; sourceTree = "<group>"; };
		FA92E6202C90C8A70063763E /* IOSTaskUITestsLaunchTests.swift */ = {isa = PBXFileReference; lastKnownFileType = sourcecode.swift; path = IOSTaskUITestsLaunchTests.swift; sourceTree = "<group>"; };
/* End PBXFileReference section */

/* Begin PBXFrameworksBuildPhase section */
		FA92E5FD2C90C8A60063763E /* Frameworks */ = {
			isa = PBXFrameworksBuildPhase;
			buildActionMask = 2147483647;
			files = (
			);
			runOnlyForDeploymentPostprocessing = 0;
		};
		FA92E60D2C90C8A70063763E /* Frameworks */ = {
			isa = PBXFrameworksBuildPhase;
			buildActionMask = 2147483647;
			files = (
			);
			runOnlyForDeploymentPostprocessing = 0;
		};
		FA92E6172C90C8A70063763E /* Frameworks */ = {
			isa = PBXFrameworksBuildPhase;
			buildActionMask = 2147483647;
			files = (
			);
			runOnlyForDeploymentPostprocessing = 0;
		};
/* End PBXFrameworksBuildPhase section */

/* Begin PBXGroup section */
		FA05B21B2C9486490061A2EA /* Services */ = {
			isa = PBXGroup;
			children = (
				FA3C564F2C967D9B00FAA590 /* BugsDataServices.swift */,
			);
			path = Services;
			sourceTree = "<group>";
		};
		FA05B21C2C94866A0061A2EA /* Model */ = {
			isa = PBXGroup;
			children = (
				FA3C564C2C967D4900FAA590 /* BugsContainer.xcdatamodeld */,
				FA3C56512C967DF700FAA590 /* BugsModel.swift */,
			);
			path = Model;
			sourceTree = "<group>";
		};
		FA05B21D2C9486B40061A2EA /* Utilities */ = {
			isa = PBXGroup;
			children = (
				FA05B21E2C9486C00061A2EA /* NetworkingManger.swift */,
				FA05B2202C9486EC0061A2EA /* LocalFileManger.swift */,
			);
			path = Utilities;
			sourceTree = "<group>";
		};
		FA05B2222C9487220061A2EA /* Extensions */ = {
			isa = PBXGroup;
			children = (
				FA05B2232C9487330061A2EA /* UIApplication.swift */,
			);
			path = Extensions;
			sourceTree = "<group>";
		};
		FA05B2252C94875B0061A2EA /* Core */ = {
			isa = PBXGroup;
			children = (
				FA05B2262C9487720061A2EA /* Home */,
			);
			path = Core;
			sourceTree = "<group>";
		};
		FA05B2262C9487720061A2EA /* Home */ = {
			isa = PBXGroup;
			children = (
				FA3C56472C96709F00FAA590 /* Components */,
				FA3C56422C9669DF00FAA590 /* AddNewView */,
				FA0C56412C96120900934F72 /* View */,
			);
			path = Home;
			sourceTree = "<group>";
		};
		FA0C56412C96120900934F72 /* View */ = {
			isa = PBXGroup;
			children = (
				FA0C56422C96121100934F72 /* ViewModel */,
				FA0C56432C96122400934F72 /* HomeView.swift */,
				FA0C56452C96123F00934F72 /* RowView.swift */,
			);
			path = View;
			sourceTree = "<group>";
		};
		FA0C56422C96121100934F72 /* ViewModel */ = {
			isa = PBXGroup;
			children = (
				FA3C56532C9680C100FAA590 /* HomeViewModel.swift */,
			);
			path = ViewModel;
			sourceTree = "<group>";
		};
		FA3C56422C9669DF00FAA590 /* AddNewView */ = {
			isa = PBXGroup;
			children = (
				FA3C56432C9669E700FAA590 /* View */,
			);
			path = AddNewView;
			sourceTree = "<group>";
		};
		FA3C56432C9669E700FAA590 /* View */ = {
			isa = PBXGroup;
			children = (
				FA3C56452C966A0200FAA590 /* AddNewView.swift */,
			);
			path = View;
			sourceTree = "<group>";
		};
		FA3C56472C96709F00FAA590 /* Components */ = {
			isa = PBXGroup;
			children = (
				FA3C56482C9670BD00FAA590 /* NewTextView.swift */,
				FA3C564A2C96773F00FAA590 /* ImagePicker.swift */,
			);
			path = Components;
			sourceTree = "<group>";
		};
		FA92E5F72C90C8A60063763E = {
			isa = PBXGroup;
			children = (
				FA92E6022C90C8A60063763E /* IOSTask */,
				FA92E6132C90C8A70063763E /* IOSTaskTests */,
				FA92E61D2C90C8A70063763E /* IOSTaskUITests */,
				FA92E6012C90C8A60063763E /* Products */,
			);
			sourceTree = "<group>";
		};
		FA92E6012C90C8A60063763E /* Products */ = {
			isa = PBXGroup;
			children = (
				FA92E6002C90C8A60063763E /* IOSTask.app */,
				FA92E6102C90C8A70063763E /* IOSTaskTests.xctest */,
				FA92E61A2C90C8A70063763E /* IOSTaskUITests.xctest */,
			);
			name = Products;
			sourceTree = "<group>";
		};
		FA92E6022C90C8A60063763E /* IOSTask */ = {
			isa = PBXGroup;
			children = (
				FA92E6032C90C8A60063763E /* IOSTaskApp.swift */,
				FA05B21D2C9486B40061A2EA /* Utilities */,
				FA05B2222C9487220061A2EA /* Extensions */,
				FA05B21B2C9486490061A2EA /* Services */,
				FA05B21C2C94866A0061A2EA /* Model */,
				FA05B2252C94875B0061A2EA /* Core */,
				FA92E6072C90C8A70063763E /* Assets.xcassets */,
				FA92E6052C90C8A60063763E /* ContentView.swift */,
				FA92E6092C90C8A70063763E /* Preview Content */,
			);
			path = IOSTask;
			sourceTree = "<group>";
		};
		FA92E6092C90C8A70063763E /* Preview Content */ = {
			isa = PBXGroup;
			children = (
				FA92E60A2C90C8A70063763E /* Preview Assets.xcassets */,
			);
			path = "Preview Content";
			sourceTree = "<group>";
		};
		FA92E6132C90C8A70063763E /* IOSTaskTests */ = {
			isa = PBXGroup;
			children = (
				FA92E6142C90C8A70063763E /* IOSTaskTests.swift */,
			);
			path = IOSTaskTests;
			sourceTree = "<group>";
		};
		FA92E61D2C90C8A70063763E /* IOSTaskUITests */ = {
			isa = PBXGroup;
			children = (
				FA92E61E2C90C8A70063763E /* IOSTaskUITests.swift */,
				FA92E6202C90C8A70063763E /* IOSTaskUITestsLaunchTests.swift */,
			);
			path = IOSTaskUITests;
			sourceTree = "<group>";
		};
/* End PBXGroup section */

/* Begin PBXNativeTarget section */
		FA92E5FF2C90C8A60063763E /* IOSTask */ = {
			isa = PBXNativeTarget;
			buildConfigurationList = FA92E6242C90C8A70063763E /* Build configuration list for PBXNativeTarget "IOSTask" */;
			buildPhases = (
				FA92E5FC2C90C8A60063763E /* Sources */,
				FA92E5FD2C90C8A60063763E /* Frameworks */,
				FA92E5FE2C90C8A60063763E /* Resources */,
			);
			buildRules = (
			);
			dependencies = (
			);
			name = IOSTask;
			productName = IOSTask;
			productReference = FA92E6002C90C8A60063763E /* IOSTask.app */;
			productType = "com.apple.product-type.application";
		};
		FA92E60F2C90C8A70063763E /* IOSTaskTests */ = {
			isa = PBXNativeTarget;
			buildConfigurationList = FA92E6272C90C8A70063763E /* Build configuration list for PBXNativeTarget "IOSTaskTests" */;
			buildPhases = (
				FA92E60C2C90C8A70063763E /* Sources */,
				FA92E60D2C90C8A70063763E /* Frameworks */,
				FA92E60E2C90C8A70063763E /* Resources */,
			);
			buildRules = (
			);
			dependencies = (
				FA92E6122C90C8A70063763E /* PBXTargetDependency */,
			);
			name = IOSTaskTests;
			productName = IOSTaskTests;
			productReference = FA92E6102C90C8A70063763E /* IOSTaskTests.xctest */;
			productType = "com.apple.product-type.bundle.unit-test";
		};
		FA92E6192C90C8A70063763E /* IOSTaskUITests */ = {
			isa = PBXNativeTarget;
			buildConfigurationList = FA92E62A2C90C8A70063763E /* Build configuration list for PBXNativeTarget "IOSTaskUITests" */;
			buildPhases = (
				FA92E6162C90C8A70063763E /* Sources */,
				FA92E6172C90C8A70063763E /* Frameworks */,
				FA92E6182C90C8A70063763E /* Resources */,
			);
			buildRules = (
			);
			dependencies = (
				FA92E61C2C90C8A70063763E /* PBXTargetDependency */,
			);
			name = IOSTaskUITests;
			productName = IOSTaskUITests;
			productReference = FA92E61A2C90C8A70063763E /* IOSTaskUITests.xctest */;
			productType = "com.apple.product-type.bundle.ui-testing";
		};
/* End PBXNativeTarget section */

/* Begin PBXProject section */
		FA92E5F82C90C8A60063763E /* Project object */ = {
			isa = PBXProject;
			attributes = {
				BuildIndependentTargetsInParallel = 1;
				LastSwiftUpdateCheck = 1540;
				LastUpgradeCheck = 1540;
				TargetAttributes = {
					FA92E5FF2C90C8A60063763E = {
						CreatedOnToolsVersion = 15.4;
					};
					FA92E60F2C90C8A70063763E = {
						CreatedOnToolsVersion = 15.4;
						TestTargetID = FA92E5FF2C90C8A60063763E;
					};
					FA92E6192C90C8A70063763E = {
						CreatedOnToolsVersion = 15.4;
						TestTargetID = FA92E5FF2C90C8A60063763E;
					};
				};
			};
			buildConfigurationList = FA92E5FB2C90C8A60063763E /* Build configuration list for PBXProject "IOSTask" */;
			compatibilityVersion = "Xcode 14.0";
			developmentRegion = en;
			hasScannedForEncodings = 0;
			knownRegions = (
				en,
				Base,
			);
			mainGroup = FA92E5F72C90C8A60063763E;
			productRefGroup = FA92E6012C90C8A60063763E /* Products */;
			projectDirPath = "";
			projectRoot = "";
			targets = (
				FA92E5FF2C90C8A60063763E /* IOSTask */,
				FA92E60F2C90C8A70063763E /* IOSTaskTests */,
				FA92E6192C90C8A70063763E /* IOSTaskUITests */,
			);
		};
/* End PBXProject section */

/* Begin PBXResourcesBuildPhase section */
		FA92E5FE2C90C8A60063763E /* Resources */ = {
			isa = PBXResourcesBuildPhase;
			buildActionMask = 2147483647;
			files = (
				FA92E60B2C90C8A70063763E /* Preview Assets.xcassets in Resources */,
				FA92E6082C90C8A70063763E /* Assets.xcassets in Resources */,
			);
			runOnlyForDeploymentPostprocessing = 0;
		};
		FA92E60E2C90C8A70063763E /* Resources */ = {
			isa = PBXResourcesBuildPhase;
			buildActionMask = 2147483647;
			files = (
			);
			runOnlyForDeploymentPostprocessing = 0;
		};
		FA92E6182C90C8A70063763E /* Resources */ = {
			isa = PBXResourcesBuildPhase;
			buildActionMask = 2147483647;
			files = (
			);
			runOnlyForDeploymentPostprocessing = 0;
		};
/* End PBXResourcesBuildPhase section */

/* Begin PBXSourcesBuildPhase section */
		FA92E5FC2C90C8A60063763E /* Sources */ = {
			isa = PBXSourcesBuildPhase;
			buildActionMask = 2147483647;
			files = (
				FA05B2242C9487330061A2EA /* UIApplication.swift in Sources */,
				FA3C564E2C967D4900FAA590 /* BugsContainer.xcdatamodeld in Sources */,
				FA3C56462C966A0200FAA590 /* AddNewView.swift in Sources */,
				FA92E6062C90C8A60063763E /* ContentView.swift in Sources */,
				FA3C56522C967DF700FAA590 /* BugsModel.swift in Sources */,
				FA3C56502C967D9B00FAA590 /* BugsDataServices.swift in Sources */,
				FA0C56462C96123F00934F72 /* RowView.swift in Sources */,
				FA05B2212C9486EC0061A2EA /* LocalFileManger.swift in Sources */,
				FA0C56442C96122400934F72 /* HomeView.swift in Sources */,
				FA3C56542C9680C100FAA590 /* HomeViewModel.swift in Sources */,
				FA3C56492C9670BD00FAA590 /* NewTextView.swift in Sources */,
				FA3C564B2C96773F00FAA590 /* ImagePicker.swift in Sources */,
				FA05B21F2C9486C00061A2EA /* NetworkingManger.swift in Sources */,
				FA92E6042C90C8A60063763E /* IOSTaskApp.swift in Sources */,
			);
			runOnlyForDeploymentPostprocessing = 0;
		};
		FA92E60C2C90C8A70063763E /* Sources */ = {
			isa = PBXSourcesBuildPhase;
			buildActionMask = 2147483647;
			files = (
				FA92E6152C90C8A70063763E /* IOSTaskTests.swift in Sources */,
			);
			runOnlyForDeploymentPostprocessing = 0;
		};
		FA92E6162C90C8A70063763E /* Sources */ = {
			isa = PBXSourcesBuildPhase;
			buildActionMask = 2147483647;
			files = (
				FA92E61F2C90C8A70063763E /* IOSTaskUITests.swift in Sources */,
				FA92E6212C90C8A70063763E /* IOSTaskUITestsLaunchTests.swift in Sources */,
			);
			runOnlyForDeploymentPostprocessing = 0;
		};
/* End PBXSourcesBuildPhase section */

/* Begin PBXTargetDependency section */
		FA92E6122C90C8A70063763E /* PBXTargetDependency */ = {
			isa = PBXTargetDependency;
			target = FA92E5FF2C90C8A60063763E /* IOSTask */;
			targetProxy = FA92E6112C90C8A70063763E /* PBXContainerItemProxy */;
		};
		FA92E61C2C90C8A70063763E /* PBXTargetDependency */ = {
			isa = PBXTargetDependency;
			target = FA92E5FF2C90C8A60063763E /* IOSTask */;
			targetProxy = FA92E61B2C90C8A70063763E /* PBXContainerItemProxy */;
		};
/* End PBXTargetDependency section */

/* Begin XCBuildConfiguration section */
		FA92E6222C90C8A70063763E /* Debug */ = {
			isa = XCBuildConfiguration;
			buildSettings = {
				ALWAYS_SEARCH_USER_PATHS = NO;
				ASSETCATALOG_COMPILER_GENERATE_SWIFT_ASSET_SYMBOL_EXTENSIONS = YES;
				CLANG_ANALYZER_NONNULL = YES;
				CLANG_ANALYZER_NUMBER_OBJECT_CONVERSION = YES_AGGRESSIVE;
				CLANG_CXX_LANGUAGE_STANDARD = "gnu++20";
				CLANG_ENABLE_MODULES = YES;
				CLANG_ENABLE_OBJC_ARC = YES;
				CLANG_ENABLE_OBJC_WEAK = YES;
				CLANG_WARN_BLOCK_CAPTURE_AUTORELEASING = YES;
				CLANG_WARN_BOOL_CONVERSION = YES;
				CLANG_WARN_COMMA = YES;
				CLANG_WARN_CONSTANT_CONVERSION = YES;
				CLANG_WARN_DEPRECATED_OBJC_IMPLEMENTATIONS = YES;
				CLANG_WARN_DIRECT_OBJC_ISA_USAGE = YES_ERROR;
				CLANG_WARN_DOCUMENTATION_COMMENTS = YES;
				CLANG_WARN_EMPTY_BODY = YES;
				CLANG_WARN_ENUM_CONVERSION = YES;
				CLANG_WARN_INFINITE_RECURSION = YES;
				CLANG_WARN_INT_CONVERSION = YES;
				CLANG_WARN_NON_LITERAL_NULL_CONVERSION = YES;
				CLANG_WARN_OBJC_IMPLICIT_RETAIN_SELF = YES;
				CLANG_WARN_OBJC_LITERAL_CONVERSION = YES;
				CLANG_WARN_OBJC_ROOT_CLASS = YES_ERROR;
				CLANG_WARN_QUOTED_INCLUDE_IN_FRAMEWORK_HEADER = YES;
				CLANG_WARN_RANGE_LOOP_ANALYSIS = YES;
				CLANG_WARN_STRICT_PROTOTYPES = YES;
				CLANG_WARN_SUSPICIOUS_MOVE = YES;
				CLANG_WARN_UNGUARDED_AVAILABILITY = YES_AGGRESSIVE;
				CLANG_WARN_UNREACHABLE_CODE = YES;
				CLANG_WARN__DUPLICATE_METHOD_MATCH = YES;
				COPY_PHASE_STRIP = NO;
				DEBUG_INFORMATION_FORMAT = dwarf;
				ENABLE_STRICT_OBJC_MSGSEND = YES;
				ENABLE_TESTABILITY = YES;
				ENABLE_USER_SCRIPT_SANDBOXING = YES;
				GCC_C_LANGUAGE_STANDARD = gnu17;
				GCC_DYNAMIC_NO_PIC = NO;
				GCC_NO_COMMON_BLOCKS = YES;
				GCC_OPTIMIZATION_LEVEL = 0;
				GCC_PREPROCESSOR_DEFINITIONS = (
					"DEBUG=1",
					"$(inherited)",
				);
				GCC_WARN_64_TO_32_BIT_CONVERSION = YES;
				GCC_WARN_ABOUT_RETURN_TYPE = YES_ERROR;
				GCC_WARN_UNDECLARED_SELECTOR = YES;
				GCC_WARN_UNINITIALIZED_AUTOS = YES_AGGRESSIVE;
				GCC_WARN_UNUSED_FUNCTION = YES;
				GCC_WARN_UNUSED_VARIABLE = YES;
				IPHONEOS_DEPLOYMENT_TARGET = 17.5;
				LOCALIZATION_PREFERS_STRING_CATALOGS = YES;
				MTL_ENABLE_DEBUG_INFO = INCLUDE_SOURCE;
				MTL_FAST_MATH = YES;
				ONLY_ACTIVE_ARCH = YES;
				SDKROOT = iphoneos;
				SWIFT_ACTIVE_COMPILATION_CONDITIONS = "DEBUG $(inherited)";
				SWIFT_OPTIMIZATION_LEVEL = "-Onone";
			};
			name = Debug;
		};
		FA92E6232C90C8A70063763E /* Release */ = {
			isa = XCBuildConfiguration;
			buildSettings = {
				ALWAYS_SEARCH_USER_PATHS = NO;
				ASSETCATALOG_COMPILER_GENERATE_SWIFT_ASSET_SYMBOL_EXTENSIONS = YES;
				CLANG_ANALYZER_NONNULL = YES;
				CLANG_ANALYZER_NUMBER_OBJECT_CONVERSION = YES_AGGRESSIVE;
				CLANG_CXX_LANGUAGE_STANDARD = "gnu++20";
				CLANG_ENABLE_MODULES = YES;
				CLANG_ENABLE_OBJC_ARC = YES;
				CLANG_ENABLE_OBJC_WEAK = YES;
				CLANG_WARN_BLOCK_CAPTURE_AUTORELEASING = YES;
				CLANG_WARN_BOOL_CONVERSION = YES;
				CLANG_WARN_COMMA = YES;
				CLANG_WARN_CONSTANT_CONVERSION = YES;
				CLANG_WARN_DEPRECATED_OBJC_IMPLEMENTATIONS = YES;
				CLANG_WARN_DIRECT_OBJC_ISA_USAGE = YES_ERROR;
				CLANG_WARN_DOCUMENTATION_COMMENTS = YES;
				CLANG_WARN_EMPTY_BODY = YES;
				CLANG_WARN_ENUM_CONVERSION = YES;
				CLANG_WARN_INFINITE_RECURSION = YES;
				CLANG_WARN_INT_CONVERSION = YES;
				CLANG_WARN_NON_LITERAL_NULL_CONVERSION = YES;
				CLANG_WARN_OBJC_IMPLICIT_RETAIN_SELF = YES;
				CLANG_WARN_OBJC_LITERAL_CONVERSION = YES;
				CLANG_WARN_OBJC_ROOT_CLASS = YES_ERROR;
				CLANG_WARN_QUOTED_INCLUDE_IN_FRAMEWORK_HEADER = YES;
				CLANG_WARN_RANGE_LOOP_ANALYSIS = YES;
				CLANG_WARN_STRICT_PROTOTYPES = YES;
				CLANG_WARN_SUSPICIOUS_MOVE = YES;
				CLANG_WARN_UNGUARDED_AVAILABILITY = YES_AGGRESSIVE;
				CLANG_WARN_UNREACHABLE_CODE = YES;
				CLANG_WARN__DUPLICATE_METHOD_MATCH = YES;
				COPY_PHASE_STRIP = NO;
				DEBUG_INFORMATION_FORMAT = "dwarf-with-dsym";
				ENABLE_NS_ASSERTIONS = NO;
				ENABLE_STRICT_OBJC_MSGSEND = YES;
				ENABLE_USER_SCRIPT_SANDBOXING = YES;
				GCC_C_LANGUAGE_STANDARD = gnu17;
				GCC_NO_COMMON_BLOCKS = YES;
				GCC_WARN_64_TO_32_BIT_CONVERSION = YES;
				GCC_WARN_ABOUT_RETURN_TYPE = YES_ERROR;
				GCC_WARN_UNDECLARED_SELECTOR = YES;
				GCC_WARN_UNINITIALIZED_AUTOS = YES_AGGRESSIVE;
				GCC_WARN_UNUSED_FUNCTION = YES;
				GCC_WARN_UNUSED_VARIABLE = YES;
				IPHONEOS_DEPLOYMENT_TARGET = 17.5;
				LOCALIZATION_PREFERS_STRING_CATALOGS = YES;
				MTL_ENABLE_DEBUG_INFO = NO;
				MTL_FAST_MATH = YES;
				SDKROOT = iphoneos;
				SWIFT_COMPILATION_MODE = wholemodule;
				VALIDATE_PRODUCT = YES;
			};
			name = Release;
		};
		FA92E6252C90C8A70063763E /* Debug */ = {
			isa = XCBuildConfiguration;
			buildSettings = {
				ASSETCATALOG_COMPILER_APPICON_NAME = AppIcon;
				ASSETCATALOG_COMPILER_GLOBAL_ACCENT_COLOR_NAME = AccentColor;
				CODE_SIGN_STYLE = Automatic;
				CURRENT_PROJECT_VERSION = 1;
				DEVELOPMENT_ASSET_PATHS = "\"IOSTask/Preview Content\"";
				DEVELOPMENT_TEAM = E9SL46C878;
				ENABLE_PREVIEWS = YES;
				GENERATE_INFOPLIST_FILE = YES;
				INFOPLIST_KEY_UIApplicationSceneManifest_Generation = YES;
				INFOPLIST_KEY_UIApplicationSupportsIndirectInputEvents = YES;
				INFOPLIST_KEY_UILaunchScreen_Generation = YES;
				INFOPLIST_KEY_UISupportedInterfaceOrientations_iPad = "UIInterfaceOrientationPortrait UIInterfaceOrientationPortraitUpsideDown UIInterfaceOrientationLandscapeLeft UIInterfaceOrientationLandscapeRight";
				INFOPLIST_KEY_UISupportedInterfaceOrientations_iPhone = "UIInterfaceOrientationPortrait UIInterfaceOrientationLandscapeLeft UIInterfaceOrientationLandscapeRight";
				LD_RUNPATH_SEARCH_PATHS = (
					"$(inherited)",
					"@executable_path/Frameworks",
				);
				MARKETING_VERSION = 1.0;
				PRODUCT_BUNDLE_IDENTIFIER = com.app.IOSTask;
				PRODUCT_NAME = "$(TARGET_NAME)";
				SWIFT_EMIT_LOC_STRINGS = YES;
				SWIFT_VERSION = 5.0;
				TARGETED_DEVICE_FAMILY = "1,2";
			};
			name = Debug;
		};
		FA92E6262C90C8A70063763E /* Release */ = {
			isa = XCBuildConfiguration;
			buildSettings = {
				ASSETCATALOG_COMPILER_APPICON_NAME = AppIcon;
				ASSETCATALOG_COMPILER_GLOBAL_ACCENT_COLOR_NAME = AccentColor;
				CODE_SIGN_STYLE = Automatic;
				CURRENT_PROJECT_VERSION = 1;
				DEVELOPMENT_ASSET_PATHS = "\"IOSTask/Preview Content\"";
				DEVELOPMENT_TEAM = E9SL46C878;
				ENABLE_PREVIEWS = YES;
				GENERATE_INFOPLIST_FILE = YES;
				INFOPLIST_KEY_UIApplicationSceneManifest_Generation = YES;
				INFOPLIST_KEY_UIApplicationSupportsIndirectInputEvents = YES;
				INFOPLIST_KEY_UILaunchScreen_Generation = YES;
				INFOPLIST_KEY_UISupportedInterfaceOrientations_iPad = "UIInterfaceOrientationPortrait UIInterfaceOrientationPortraitUpsideDown UIInterfaceOrientationLandscapeLeft UIInterfaceOrientationLandscapeRight";
				INFOPLIST_KEY_UISupportedInterfaceOrientations_iPhone = "UIInterfaceOrientationPortrait UIInterfaceOrientationLandscapeLeft UIInterfaceOrientationLandscapeRight";
				LD_RUNPATH_SEARCH_PATHS = (
					"$(inherited)",
					"@executable_path/Frameworks",
				);
				MARKETING_VERSION = 1.0;
				PRODUCT_BUNDLE_IDENTIFIER = com.app.IOSTask;
				PRODUCT_NAME = "$(TARGET_NAME)";
				SWIFT_EMIT_LOC_STRINGS = YES;
				SWIFT_VERSION = 5.0;
				TARGETED_DEVICE_FAMILY = "1,2";
			};
			name = Release;
		};
		FA92E6282C90C8A70063763E /* Debug */ = {
			isa = XCBuildConfiguration;
			buildSettings = {
				ALWAYS_EMBED_SWIFT_STANDARD_LIBRARIES = YES;
				BUNDLE_LOADER = "$(TEST_HOST)";
				CODE_SIGN_STYLE = Automatic;
				CURRENT_PROJECT_VERSION = 1;
				DEVELOPMENT_TEAM = E9SL46C878;
				GENERATE_INFOPLIST_FILE = YES;
				IPHONEOS_DEPLOYMENT_TARGET = 17.5;
				MARKETING_VERSION = 1.0;
				PRODUCT_BUNDLE_IDENTIFIER = com.app.IOSTaskTests;
				PRODUCT_NAME = "$(TARGET_NAME)";
				SWIFT_EMIT_LOC_STRINGS = NO;
				SWIFT_VERSION = 5.0;
				TARGETED_DEVICE_FAMILY = "1,2";
				TEST_HOST = "$(BUILT_PRODUCTS_DIR)/IOSTask.app/$(BUNDLE_EXECUTABLE_FOLDER_PATH)/IOSTask";
			};
			name = Debug;
		};
		FA92E6292C90C8A70063763E /* Release */ = {
			isa = XCBuildConfiguration;
			buildSettings = {
				ALWAYS_EMBED_SWIFT_STANDARD_LIBRARIES = YES;
				BUNDLE_LOADER = "$(TEST_HOST)";
				CODE_SIGN_STYLE = Automatic;
				CURRENT_PROJECT_VERSION = 1;
				DEVELOPMENT_TEAM = E9SL46C878;
				GENERATE_INFOPLIST_FILE = YES;
				IPHONEOS_DEPLOYMENT_TARGET = 17.5;
				MARKETING_VERSION = 1.0;
				PRODUCT_BUNDLE_IDENTIFIER = com.app.IOSTaskTests;
				PRODUCT_NAME = "$(TARGET_NAME)";
				SWIFT_EMIT_LOC_STRINGS = NO;
				SWIFT_VERSION = 5.0;
				TARGETED_DEVICE_FAMILY = "1,2";
				TEST_HOST = "$(BUILT_PRODUCTS_DIR)/IOSTask.app/$(BUNDLE_EXECUTABLE_FOLDER_PATH)/IOSTask";
			};
			name = Release;
		};
		FA92E62B2C90C8A70063763E /* Debug */ = {
			isa = XCBuildConfiguration;
			buildSettings = {
				ALWAYS_EMBED_SWIFT_STANDARD_LIBRARIES = YES;
				CODE_SIGN_STYLE = Automatic;
				CURRENT_PROJECT_VERSION = 1;
				DEVELOPMENT_TEAM = E9SL46C878;
				GENERATE_INFOPLIST_FILE = YES;
				MARKETING_VERSION = 1.0;
				PRODUCT_BUNDLE_IDENTIFIER = com.app.IOSTaskUITests;
				PRODUCT_NAME = "$(TARGET_NAME)";
				SWIFT_EMIT_LOC_STRINGS = NO;
				SWIFT_VERSION = 5.0;
				TARGETED_DEVICE_FAMILY = "1,2";
				TEST_TARGET_NAME = IOSTask;
			};
			name = Debug;
		};
		FA92E62C2C90C8A70063763E /* Release */ = {
			isa = XCBuildConfiguration;
			buildSettings = {
				ALWAYS_EMBED_SWIFT_STANDARD_LIBRARIES = YES;
				CODE_SIGN_STYLE = Automatic;
				CURRENT_PROJECT_VERSION = 1;
				DEVELOPMENT_TEAM = E9SL46C878;
				GENERATE_INFOPLIST_FILE = YES;
				MARKETING_VERSION = 1.0;
				PRODUCT_BUNDLE_IDENTIFIER = com.app.IOSTaskUITests;
				PRODUCT_NAME = "$(TARGET_NAME)";
				SWIFT_EMIT_LOC_STRINGS = NO;
				SWIFT_VERSION = 5.0;
				TARGETED_DEVICE_FAMILY = "1,2";
				TEST_TARGET_NAME = IOSTask;
			};
			name = Release;
		};
/* End XCBuildConfiguration section */

/* Begin XCConfigurationList section */
		FA92E5FB2C90C8A60063763E /* Build configuration list for PBXProject "IOSTask" */ = {
			isa = XCConfigurationList;
			buildConfigurations = (
				FA92E6222C90C8A70063763E /* Debug */,
				FA92E6232C90C8A70063763E /* Release */,
			);
			defaultConfigurationIsVisible = 0;
			defaultConfigurationName = Release;
		};
		FA92E6242C90C8A70063763E /* Build configuration list for PBXNativeTarget "IOSTask" */ = {
			isa = XCConfigurationList;
			buildConfigurations = (
				FA92E6252C90C8A70063763E /* Debug */,
				FA92E6262C90C8A70063763E /* Release */,
			);
			defaultConfigurationIsVisible = 0;
			defaultConfigurationName = Release;
		};
		FA92E6272C90C8A70063763E /* Build configuration list for PBXNativeTarget "IOSTaskTests" */ = {
			isa = XCConfigurationList;
			buildConfigurations = (
				FA92E6282C90C8A70063763E /* Debug */,
				FA92E6292C90C8A70063763E /* Release */,
			);
			defaultConfigurationIsVisible = 0;
			defaultConfigurationName = Release;
		};
		FA92E62A2C90C8A70063763E /* Build configuration list for PBXNativeTarget "IOSTaskUITests" */ = {
			isa = XCConfigurationList;
			buildConfigurations = (
				FA92E62B2C90C8A70063763E /* Debug */,
				FA92E62C2C90C8A70063763E /* Release */,
			);
			defaultConfigurationIsVisible = 0;
			defaultConfigurationName = Release;
		};
/* End XCConfigurationList section */

/* Begin XCVersionGroup section */
		FA3C564C2C967D4900FAA590 /* BugsContainer.xcdatamodeld */ = {
			isa = XCVersionGroup;
			children = (
				FA3C564D2C967D4900FAA590 /* BugsContainer.xcdatamodel */,
			);
			currentVersion = FA3C564D2C967D4900FAA590 /* BugsContainer.xcdatamodel */;
			name = BugsContainer.xcdatamodeld;
			path = "/Users/macbook/Documents/MVVM+SwiftUI/IOSTask/IOSTask/Model/BugsContainer.xcdatamodeld";
			sourceTree = "<group>";
			versionGroupType = wrapper.xcdatamodel;
		};
/* End XCVersionGroup section */
	};
	rootObject = FA92E5F82C90C8A60063763E /* Project object */;
}
